
Microsoft Visual Studio Solution File, Format Version 11.00
# Visual Studio 2010
Project("{FAE04EC0-301F-11D3-BF4B-00C04F79EFBC}") = "491-game-1-zach", "Assembly-CSharp.csproj", "{CE3E1980-5E3D-B456-EB54-D2239E7BBFEC}"
EndProject
Global
	GlobalSection(SolutionConfigurationPlatforms) = preSolution
		Debug|Any CPU = Debug|Any CPU
		Release|Any CPU = Release|Any CPU
	EndGlobalSection
	GlobalSection(ProjectConfigurationPlatforms) = postSolution
		{CE3E1980-5E3D-B456-EB54-D2239E7BBFEC}.Debug|Any CPU.ActiveCfg = Debug|Any CPU
		{CE3E1980-5E3D-B456-EB54-D2239E7BBFEC}.Debug|Any CPU.Build.0 = Debug|Any CPU
		{CE3E1980-5E3D-B456-EB54-D2239E7BBFEC}.Release|Any CPU.ActiveCfg = Release|Any CPU
		{CE3E1980-5E3D-B456-EB54-D2239E7BBFEC}.Release|Any CPU.Build.0 = Release|Any CPU
	EndGlobalSection
	GlobalSection(SolutionProperties) = preSolution
		HideSolutionNode = FALSE
	EndGlobalSection
	GlobalSection(MonoDevelopProperties) = preSolution
		StartupItem = Assembly-CSharp.csproj
	EndGlobalSection
EndGlobal
