
Microsoft Visual Studio Solution File, Format Version 12.00
# Visual Studio 2017
Project("{FAE04EC0-301F-11D3-BF4B-00C04F79EFBC}") = "491-game-new", "491-game-new.csproj", "{A89772EB-BD1E-F219-D808-41A872887CAD}"
EndProject
Global
	GlobalSection(SolutionConfigurationPlatforms) = preSolution
		Debug|Any CPU = Debug|Any CPU
		Release|Any CPU = Release|Any CPU
	EndGlobalSection
	GlobalSection(ProjectConfigurationPlatforms) = postSolution
		{A89772EB-BD1E-F219-D808-41A872887CAD}.Debug|Any CPU.ActiveCfg = Debug|Any CPU
		{A89772EB-BD1E-F219-D808-41A872887CAD}.Debug|Any CPU.Build.0 = Debug|Any CPU
		{A89772EB-BD1E-F219-D808-41A872887CAD}.Release|Any CPU.ActiveCfg = Release|Any CPU
		{A89772EB-BD1E-F219-D808-41A872887CAD}.Release|Any CPU.Build.0 = Release|Any CPU
	EndGlobalSection
	GlobalSection(SolutionProperties) = preSolution
		HideSolutionNode = FALSE
	EndGlobalSection
EndGlobal
